// !$*UTF8*$!
{
	archiveVersion = 1;
	classes = {
	};
	objectVersion = 77;
	objects = {

/* Begin PBXBuildFile section */
		4739DC2FB8BBD4B80BD36FA6 /* Pods_DueMate_DueMateUITests.framework in Frameworks */ = {isa = PBXBuildFile; fileRef = FDBA2717A12CA7867FF67582 /* Pods_DueMate_DueMateUITests.framework */; };
		E5B8E0A8C6F92B05DFEEEB19 /* Pods_DueMateTests.framework in Frameworks */ = {isa = PBXBuildFile; fileRef = F075ABAF47AEC2CA47109D4B /* Pods_DueMateTests.framework */; };
		E90FAD024B94D3ACC5E6E20D /* Pods_DueMate.framework in Frameworks */ = {isa = PBXBuildFile; fileRef = B4F6674A0806681E80B3A2C3 /* Pods_DueMate.framework */; };
/* End PBXBuildFile section */

/* Begin PBXContainerItemProxy section */
		81B347B32DB70EAF009A888B /* PBXContainerItemProxy */ = {
			isa = PBXContainerItemProxy;
			containerPortal = 81B3479A2DB70EAD009A888B /* Project object */;
			proxyType = 1;
			remoteGlobalIDString = 81B347A12DB70EAD009A888B;
			remoteInfo = DueMate;
		};
		81B347BD2DB70EAF009A888B /* PBXContainerItemProxy */ = {
			isa = PBXContainerItemProxy;
			containerPortal = 81B3479A2DB70EAD009A888B /* Project object */;
			proxyType = 1;
			remoteGlobalIDString = 81B347A12DB70EAD009A888B;
			remoteInfo = DueMate;
		};
/* End PBXContainerItemProxy section */

/* Begin PBXFileReference section */
		14D3F0212CEA6073D77BA2F9 /* Pods-DueMate.debug.xcconfig */ = {isa = PBXFileReference; includeInIndex = 1; lastKnownFileType = text.xcconfig; name = "Pods-DueMate.debug.xcconfig"; path = "Target Support Files/Pods-DueMate/Pods-DueMate.debug.xcconfig"; sourceTree = "<group>"; };
		4C83FEC634B22CDD80FE1998 /* Pods-DueMateTests.debug.xcconfig */ = {isa = PBXFileReference; includeInIndex = 1; lastKnownFileType = text.xcconfig; name = "Pods-DueMateTests.debug.xcconfig"; path = "Target Support Files/Pods-DueMateTests/Pods-DueMateTests.debug.xcconfig"; sourceTree = "<group>"; };
		81B347A22DB70EAD009A888B /* DueMate.app */ = {isa = PBXFileReference; explicitFileType = wrapper.application; includeInIndex = 0; path = DueMate.app; sourceTree = BUILT_PRODUCTS_DIR; };
		81B347B22DB70EAF009A888B /* DueMateTests.xctest */ = {isa = PBXFileReference; explicitFileType = wrapper.cfbundle; includeInIndex = 0; path = DueMateTests.xctest; sourceTree = BUILT_PRODUCTS_DIR; };
		81B347BC2DB70EAF009A888B /* DueMateUITests.xctest */ = {isa = PBXFileReference; explicitFileType = wrapper.cfbundle; includeInIndex = 0; path = DueMateUITests.xctest; sourceTree = BUILT_PRODUCTS_DIR; };
		B4F6674A0806681E80B3A2C3 /* Pods_DueMate.framework */ = {isa = PBXFileReference; explicitFileType = wrapper.framework; includeInIndex = 0; path = Pods_DueMate.framework; sourceTree = BUILT_PRODUCTS_DIR; };
		C7745B823A926F68774C25B8 /* Pods-DueMate-DueMateUITests.debug.xcconfig */ = {isa = PBXFileReference; includeInIndex = 1; lastKnownFileType = text.xcconfig; name = "Pods-DueMate-DueMateUITests.debug.xcconfig"; path = "Target Support Files/Pods-DueMate-DueMateUITests/Pods-DueMate-DueMateUITests.debug.xcconfig"; sourceTree = "<group>"; };
		D35DFCFE98DFFAC9A0A845D4 /* Pods-DueMate.release.xcconfig */ = {isa = PBXFileReference; includeInIndex = 1; lastKnownFileType = text.xcconfig; name = "Pods-DueMate.release.xcconfig"; path = "Target Support Files/Pods-DueMate/Pods-DueMate.release.xcconfig"; sourceTree = "<group>"; };
		D710D235D0ADD046040168CA /* Pods-DueMateTests.release.xcconfig */ = {isa = PBXFileReference; includeInIndex = 1; lastKnownFileType = text.xcconfig; name = "Pods-DueMateTests.release.xcconfig"; path = "Target Support Files/Pods-DueMateTests/Pods-DueMateTests.release.xcconfig"; sourceTree = "<group>"; };
		EB1B83F37E7B2E3C79F46139 /* Pods-DueMate-DueMateUITests.release.xcconfig */ = {isa = PBXFileReference; includeInIndex = 1; lastKnownFileType = text.xcconfig; name = "Pods-DueMate-DueMateUITests.release.xcconfig"; path = "Target Support Files/Pods-DueMate-DueMateUITests/Pods-DueMate-DueMateUITests.release.xcconfig"; sourceTree = "<group>"; };
		F075ABAF47AEC2CA47109D4B /* Pods_DueMateTests.framework */ = {isa = PBXFileReference; explicitFileType = wrapper.framework; includeInIndex = 0; path = Pods_DueMateTests.framework; sourceTree = BUILT_PRODUCTS_DIR; };
		FDBA2717A12CA7867FF67582 /* Pods_DueMate_DueMateUITests.framework */ = {isa = PBXFileReference; explicitFileType = wrapper.framework; includeInIndex = 0; path = Pods_DueMate_DueMateUITests.framework; sourceTree = BUILT_PRODUCTS_DIR; };
/* End PBXFileReference section */

/* Begin PBXFileSystemSynchronizedRootGroup section */
		81B347A42DB70EAD009A888B /* DueMate */ = {
			isa = PBXFileSystemSynchronizedRootGroup;
			path = DueMate;
			sourceTree = "<group>";
		};
		81B347B52DB70EAF009A888B /* DueMateTests */ = {
			isa = PBXFileSystemSynchronizedRootGroup;
			path = DueMateTests;
			sourceTree = "<group>";
		};
		81B347BF2DB70EAF009A888B /* DueMateUITests */ = {
			isa = PBXFileSystemSynchronizedRootGroup;
			path = DueMateUITests;
			sourceTree = "<group>";
		};
/* End PBXFileSystemSynchronizedRootGroup section */

/* Begin PBXFrameworksBuildPhase section */
		81B3479F2DB70EAD009A888B /* Frameworks */ = {
			isa = PBXFrameworksBuildPhase;
			buildActionMask = 2147483647;
			files = (
				E90FAD024B94D3ACC5E6E20D /* Pods_DueMate.framework in Frameworks */,
			);
			runOnlyForDeploymentPostprocessing = 0;
		};
		81B347AF2DB70EAF009A888B /* Frameworks */ = {
			isa = PBXFrameworksBuildPhase;
			buildActionMask = 2147483647;
			files = (
				E5B8E0A8C6F92B05DFEEEB19 /* Pods_DueMateTests.framework in Frameworks */,
			);
			runOnlyForDeploymentPostprocessing = 0;
		};
		81B347B92DB70EAF009A888B /* Frameworks */ = {
			isa = PBXFrameworksBuildPhase;
			buildActionMask = 2147483647;
			files = (
				4739DC2FB8BBD4B80BD36FA6 /* Pods_DueMate_DueMateUITests.framework in Frameworks */,
			);
			runOnlyForDeploymentPostprocessing = 0;
		};
/* End PBXFrameworksBuildPhase section */

/* Begin PBXGroup section */
		7EB4832D01B2F596985167E6 /* Frameworks */ = {
			isa = PBXGroup;
			children = (
				B4F6674A0806681E80B3A2C3 /* Pods_DueMate.framework */,
				FDBA2717A12CA7867FF67582 /* Pods_DueMate_DueMateUITests.framework */,
				F075ABAF47AEC2CA47109D4B /* Pods_DueMateTests.framework */,
			);
			name = Frameworks;
			sourceTree = "<group>";
		};
		81B347992DB70EAD009A888B = {
			isa = PBXGroup;
			children = (
				81B347A42DB70EAD009A888B /* DueMate */,
				81B347B52DB70EAF009A888B /* DueMateTests */,
				81B347BF2DB70EAF009A888B /* DueMateUITests */,
				81B347A32DB70EAD009A888B /* Products */,
				89B018840507305083195FA6 /* Pods */,
				7EB4832D01B2F596985167E6 /* Frameworks */,
			);
			sourceTree = "<group>";
		};
		81B347A32DB70EAD009A888B /* Products */ = {
			isa = PBXGroup;
			children = (
				81B347A22DB70EAD009A888B /* DueMate.app */,
				81B347B22DB70EAF009A888B /* DueMateTests.xctest */,
				81B347BC2DB70EAF009A888B /* DueMateUITests.xctest */,
			);
			name = Products;
			sourceTree = "<group>";
		};
		89B018840507305083195FA6 /* Pods */ = {
			isa = PBXGroup;
			children = (
				14D3F0212CEA6073D77BA2F9 /* Pods-DueMate.debug.xcconfig */,
				D35DFCFE98DFFAC9A0A845D4 /* Pods-DueMate.release.xcconfig */,
				C7745B823A926F68774C25B8 /* Pods-DueMate-DueMateUITests.debug.xcconfig */,
				EB1B83F37E7B2E3C79F46139 /* Pods-DueMate-DueMateUITests.release.xcconfig */,
				4C83FEC634B22CDD80FE1998 /* Pods-DueMateTests.debug.xcconfig */,
				D710D235D0ADD046040168CA /* Pods-DueMateTests.release.xcconfig */,
			);
			path = Pods;
			sourceTree = "<group>";
		};
/* End PBXGroup section */

/* Begin PBXNativeTarget section */
		81B347A12DB70EAD009A888B /* DueMate */ = {
			isa = PBXNativeTarget;
			buildConfigurationList = 81B347C62DB70EAF009A888B /* Build configuration list for PBXNativeTarget "DueMate" */;
			buildPhases = (
				4E70E1FA082A1DCABFB2976D /* [CP] Check Pods Manifest.lock */,
				81B3479E2DB70EAD009A888B /* Sources */,
				81B3479F2DB70EAD009A888B /* Frameworks */,
				81B347A02DB70EAD009A888B /* Resources */,
				03349984FD131357F48EEF8A /* [CP] Embed Pods Frameworks */,
			);
			buildRules = (
			);
			dependencies = (
			);
			fileSystemSynchronizedGroups = (
				81B347A42DB70EAD009A888B /* DueMate */,
			);
			name = DueMate;
			productName = DueMate;
			productReference = 81B347A22DB70EAD009A888B /* DueMate.app */;
			productType = "com.apple.product-type.application";
		};
		81B347B12DB70EAF009A888B /* DueMateTests */ = {
			isa = PBXNativeTarget;
			buildConfigurationList = 81B347C92DB70EAF009A888B /* Build configuration list for PBXNativeTarget "DueMateTests" */;
			buildPhases = (
				10EB0F53275386B6702A87E3 /* [CP] Check Pods Manifest.lock */,
				81B347AE2DB70EAF009A888B /* Sources */,
				81B347AF2DB70EAF009A888B /* Frameworks */,
				81B347B02DB70EAF009A888B /* Resources */,
			);
			buildRules = (
			);
			dependencies = (
				81B347B42DB70EAF009A888B /* PBXTargetDependency */,
			);
			fileSystemSynchronizedGroups = (
				81B347B52DB70EAF009A888B /* DueMateTests */,
			);
			name = DueMateTests;
			productName = DueMateTests;
			productReference = 81B347B22DB70EAF009A888B /* DueMateTests.xctest */;
			productType = "com.apple.product-type.bundle.unit-test";
		};
		81B347BB2DB70EAF009A888B /* DueMateUITests */ = {
			isa = PBXNativeTarget;
			buildConfigurationList = 81B347CC2DB70EAF009A888B /* Build configuration list for PBXNativeTarget "DueMateUITests" */;
			buildPhases = (
				537A7BE04A4CD04E70D74DF0 /* [CP] Check Pods Manifest.lock */,
				81B347B82DB70EAF009A888B /* Sources */,
				81B347B92DB70EAF009A888B /* Frameworks */,
				81B347BA2DB70EAF009A888B /* Resources */,
				7B5F7F567E4A05524BF3BBBC /* [CP] Embed Pods Frameworks */,
			);
			buildRules = (
			);
			dependencies = (
				81B347BE2DB70EAF009A888B /* PBXTargetDependency */,
			);
			fileSystemSynchronizedGroups = (
				81B347BF2DB70EAF009A888B /* DueMateUITests */,
			);
			name = DueMateUITests;
			productName = DueMateUITests;
			productReference = 81B347BC2DB70EAF009A888B /* DueMateUITests.xctest */;
			productType = "com.apple.product-type.bundle.ui-testing";
		};
/* End PBXNativeTarget section */

/* Begin PBXProject section */
		81B3479A2DB70EAD009A888B /* Project object */ = {
			isa = PBXProject;
			attributes = {
				BuildIndependentTargetsInParallel = 1;
				LastSwiftUpdateCheck = 1620;
				LastUpgradeCheck = 1620;
				TargetAttributes = {
					81B347A12DB70EAD009A888B = {
						CreatedOnToolsVersion = 16.2;
					};
					81B347B12DB70EAF009A888B = {
						CreatedOnToolsVersion = 16.2;
						TestTargetID = 81B347A12DB70EAD009A888B;
					};
					81B347BB2DB70EAF009A888B = {
						CreatedOnToolsVersion = 16.2;
						TestTargetID = 81B347A12DB70EAD009A888B;
					};
				};
			};
			buildConfigurationList = 81B3479D2DB70EAD009A888B /* Build configuration list for PBXProject "DueMate" */;
			developmentRegion = en;
			hasScannedForEncodings = 0;
			knownRegions = (
				en,
				Base,
			);
			mainGroup = 81B347992DB70EAD009A888B;
			minimizedProjectReferenceProxies = 1;
			preferredProjectObjectVersion = 77;
			productRefGroup = 81B347A32DB70EAD009A888B /* Products */;
			projectDirPath = "";
			projectRoot = "";
			targets = (
				81B347A12DB70EAD009A888B /* DueMate */,
				81B347B12DB70EAF009A888B /* DueMateTests */,
				81B347BB2DB70EAF009A888B /* DueMateUITests */,
			);
		};
/* End PBXProject section */

/* Begin PBXResourcesBuildPhase section */
		81B347A02DB70EAD009A888B /* Resources */ = {
			isa = PBXResourcesBuildPhase;
			buildActionMask = 2147483647;
			files = (
			);
			runOnlyForDeploymentPostprocessing = 0;
		};
		81B347B02DB70EAF009A888B /* Resources */ = {
			isa = PBXResourcesBuildPhase;
			buildActionMask = 2147483647;
			files = (
			);
			runOnlyForDeploymentPostprocessing = 0;
		};
		81B347BA2DB70EAF009A888B /* Resources */ = {
			isa = PBXResourcesBuildPhase;
			buildActionMask = 2147483647;
			files = (
			);
			runOnlyForDeploymentPostprocessing = 0;
		};
/* End PBXResourcesBuildPhase section */

/* Begin PBXShellScriptBuildPhase section */
		03349984FD131357F48EEF8A /* [CP] Embed Pods Frameworks */ = {
			isa = PBXShellScriptBuildPhase;
			buildActionMask = 2147483647;
			files = (
			);
			inputFileListPaths = (
				"${PODS_ROOT}/Target Support Files/Pods-DueMate/Pods-DueMate-frameworks-${CONFIGURATION}-input-files.xcfilelist",
			);
			name = "[CP] Embed Pods Frameworks";
			outputFileListPaths = (
				"${PODS_ROOT}/Target Support Files/Pods-DueMate/Pods-DueMate-frameworks-${CONFIGURATION}-output-files.xcfilelist",
			);
			runOnlyForDeploymentPostprocessing = 0;
			shellPath = /bin/sh;
			shellScript = "\"${PODS_ROOT}/Target Support Files/Pods-DueMate/Pods-DueMate-frameworks.sh\"\n";
			showEnvVarsInLog = 0;
		};
		10EB0F53275386B6702A87E3 /* [CP] Check Pods Manifest.lock */ = {
			isa = PBXShellScriptBuildPhase;
			buildActionMask = 2147483647;
			files = (
			);
			inputFileListPaths = (
			);
			inputPaths = (
				"${PODS_PODFILE_DIR_PATH}/Podfile.lock",
				"${PODS_ROOT}/Manifest.lock",
			);
			name = "[CP] Check Pods Manifest.lock";
			outputFileListPaths = (
			);
			outputPaths = (
				"$(DERIVED_FILE_DIR)/Pods-DueMateTests-checkManifestLockResult.txt",
			);
			runOnlyForDeploymentPostprocessing = 0;
			shellPath = /bin/sh;
			shellScript = "diff \"${PODS_PODFILE_DIR_PATH}/Podfile.lock\" \"${PODS_ROOT}/Manifest.lock\" > /dev/null\nif [ $? != 0 ] ; then\n    # print error to STDERR\n    echo \"error: The sandbox is not in sync with the Podfile.lock. Run 'pod install' or update your CocoaPods installation.\" >&2\n    exit 1\nfi\n# This output is used by Xcode 'outputs' to avoid re-running this script phase.\necho \"SUCCESS\" > \"${SCRIPT_OUTPUT_FILE_0}\"\n";
			showEnvVarsInLog = 0;
		};
		4E70E1FA082A1DCABFB2976D /* [CP] Check Pods Manifest.lock */ = {
			isa = PBXShellScriptBuildPhase;
			buildActionMask = 2147483647;
			files = (
			);
			inputFileListPaths = (
			);
			inputPaths = (
				"${PODS_PODFILE_DIR_PATH}/Podfile.lock",
				"${PODS_ROOT}/Manifest.lock",
			);
			name = "[CP] Check Pods Manifest.lock";
			outputFileListPaths = (
			);
			outputPaths = (
				"$(DERIVED_FILE_DIR)/Pods-DueMate-checkManifestLockResult.txt",
			);
			runOnlyForDeploymentPostprocessing = 0;
			shellPath = /bin/sh;
			shellScript = "diff \"${PODS_PODFILE_DIR_PATH}/Podfile.lock\" \"${PODS_ROOT}/Manifest.lock\" > /dev/null\nif [ $? != 0 ] ; then\n    # print error to STDERR\n    echo \"error: The sandbox is not in sync with the Podfile.lock. Run 'pod install' or update your CocoaPods installation.\" >&2\n    exit 1\nfi\n# This output is used by Xcode 'outputs' to avoid re-running this script phase.\necho \"SUCCESS\" > \"${SCRIPT_OUTPUT_FILE_0}\"\n";
			showEnvVarsInLog = 0;
		};
		537A7BE04A4CD04E70D74DF0 /* [CP] Check Pods Manifest.lock */ = {
			isa = PBXShellScriptBuildPhase;
			buildActionMask = 2147483647;
			files = (
			);
			inputFileListPaths = (
			);
			inputPaths = (
				"${PODS_PODFILE_DIR_PATH}/Podfile.lock",
				"${PODS_ROOT}/Manifest.lock",
			);
			name = "[CP] Check Pods Manifest.lock";
			outputFileListPaths = (
			);
			outputPaths = (
				"$(DERIVED_FILE_DIR)/Pods-DueMate-DueMateUITests-checkManifestLockResult.txt",
			);
			runOnlyForDeploymentPostprocessing = 0;
			shellPath = /bin/sh;
			shellScript = "diff \"${PODS_PODFILE_DIR_PATH}/Podfile.lock\" \"${PODS_ROOT}/Manifest.lock\" > /dev/null\nif [ $? != 0 ] ; then\n    # print error to STDERR\n    echo \"error: The sandbox is not in sync with the Podfile.lock. Run 'pod install' or update your CocoaPods installation.\" >&2\n    exit 1\nfi\n# This output is used by Xcode 'outputs' to avoid re-running this script phase.\necho \"SUCCESS\" > \"${SCRIPT_OUTPUT_FILE_0}\"\n";
			showEnvVarsInLog = 0;
		};
		7B5F7F567E4A05524BF3BBBC /* [CP] Embed Pods Frameworks */ = {
			isa = PBXShellScriptBuildPhase;
			buildActionMask = 2147483647;
			files = (
			);
			inputFileListPaths = (
				"${PODS_ROOT}/Target Support Files/Pods-DueMate-DueMateUITests/Pods-DueMate-DueMateUITests-frameworks-${CONFIGURATION}-input-files.xcfilelist",
			);
			name = "[CP] Embed Pods Frameworks";
			outputFileListPaths = (
				"${PODS_ROOT}/Target Support Files/Pods-DueMate-DueMateUITests/Pods-DueMate-DueMateUITests-frameworks-${CONFIGURATION}-output-files.xcfilelist",
			);
			runOnlyForDeploymentPostprocessing = 0;
			shellPath = /bin/sh;
			shellScript = "\"${PODS_ROOT}/Target Support Files/Pods-DueMate-DueMateUITests/Pods-DueMate-DueMateUITests-frameworks.sh\"\n";
			showEnvVarsInLog = 0;
		};
/* End PBXShellScriptBuildPhase section */

/* Begin PBXSourcesBuildPhase section */
		81B3479E2DB70EAD009A888B /* Sources */ = {
			isa = PBXSourcesBuildPhase;
			buildActionMask = 2147483647;
			files = (
			);
			runOnlyForDeploymentPostprocessing = 0;
		};
		81B347AE2DB70EAF009A888B /* Sources */ = {
			isa = PBXSourcesBuildPhase;
			buildActionMask = 2147483647;
			files = (
			);
			runOnlyForDeploymentPostprocessing = 0;
		};
		81B347B82DB70EAF009A888B /* Sources */ = {
			isa = PBXSourcesBuildPhase;
			buildActionMask = 2147483647;
			files = (
			);
			runOnlyForDeploymentPostprocessing = 0;
		};
/* End PBXSourcesBuildPhase section */

/* Begin PBXTargetDependency section */
		81B347B42DB70EAF009A888B /* PBXTargetDependency */ = {
			isa = PBXTargetDependency;
			target = 81B347A12DB70EAD009A888B /* DueMate */;
			targetProxy = 81B347B32DB70EAF009A888B /* PBXContainerItemProxy */;
		};
		81B347BE2DB70EAF009A888B /* PBXTargetDependency */ = {
			isa = PBXTargetDependency;
			target = 81B347A12DB70EAD009A888B /* DueMate */;
			targetProxy = 81B347BD2DB70EAF009A888B /* PBXContainerItemProxy */;
		};
/* End PBXTargetDependency section */

/* Begin XCBuildConfiguration section */
		81B347C42DB70EAF009A888B /* Debug */ = {
			isa = XCBuildConfiguration;
			buildSettings = {
				ALWAYS_SEARCH_USER_PATHS = NO;
				ASSETCATALOG_COMPILER_GENERATE_SWIFT_ASSET_SYMBOL_EXTENSIONS = YES;
				CLANG_ANALYZER_NONNULL = YES;
				CLANG_ANALYZER_NUMBER_OBJECT_CONVERSION = YES_AGGRESSIVE;
				CLANG_CXX_LANGUAGE_STANDARD = "gnu++20";
				CLANG_ENABLE_MODULES = YES;
				CLANG_ENABLE_OBJC_ARC = YES;
				CLANG_ENABLE_OBJC_WEAK = YES;
				CLANG_WARN_BLOCK_CAPTURE_AUTORELEASING = YES;
				CLANG_WARN_BOOL_CONVERSION = YES;
				CLANG_WARN_COMMA = YES;
				CLANG_WARN_CONSTANT_CONVERSION = YES;
				CLANG_WARN_DEPRECATED_OBJC_IMPLEMENTATIONS = YES;
				CLANG_WARN_DIRECT_OBJC_ISA_USAGE = YES_ERROR;
				CLANG_WARN_DOCUMENTATION_COMMENTS = YES;
				CLANG_WARN_EMPTY_BODY = YES;
				CLANG_WARN_ENUM_CONVERSION = YES;
				CLANG_WARN_INFINITE_RECURSION = YES;
				CLANG_WARN_INT_CONVERSION = YES;
				CLANG_WARN_NON_LITERAL_NULL_CONVERSION = YES;
				CLANG_WARN_OBJC_IMPLICIT_RETAIN_SELF = YES;
				CLANG_WARN_OBJC_LITERAL_CONVERSION = YES;
				CLANG_WARN_OBJC_ROOT_CLASS = YES_ERROR;
				CLANG_WARN_QUOTED_INCLUDE_IN_FRAMEWORK_HEADER = YES;
				CLANG_WARN_RANGE_LOOP_ANALYSIS = YES;
				CLANG_WARN_STRICT_PROTOTYPES = YES;
				CLANG_WARN_SUSPICIOUS_MOVE = YES;
				CLANG_WARN_UNGUARDED_AVAILABILITY = YES_AGGRESSIVE;
				CLANG_WARN_UNREACHABLE_CODE = YES;
				CLANG_WARN__DUPLICATE_METHOD_MATCH = YES;
				COPY_PHASE_STRIP = NO;
				DEBUG_INFORMATION_FORMAT = dwarf;
				ENABLE_STRICT_OBJC_MSGSEND = YES;
				ENABLE_TESTABILITY = YES;
				ENABLE_USER_SCRIPT_SANDBOXING = NO;
				GCC_C_LANGUAGE_STANDARD = gnu17;
				GCC_DYNAMIC_NO_PIC = NO;
				GCC_NO_COMMON_BLOCKS = YES;
				GCC_OPTIMIZATION_LEVEL = 0;
				GCC_PREPROCESSOR_DEFINITIONS = (
					"DEBUG=1",
					"$(inherited)",
				);
				GCC_WARN_64_TO_32_BIT_CONVERSION = YES;
				GCC_WARN_ABOUT_RETURN_TYPE = YES_ERROR;
				GCC_WARN_UNDECLARED_SELECTOR = YES;
				GCC_WARN_UNINITIALIZED_AUTOS = YES_AGGRESSIVE;
				GCC_WARN_UNUSED_FUNCTION = YES;
				GCC_WARN_UNUSED_VARIABLE = YES;
				IPHONEOS_DEPLOYMENT_TARGET = 18.2;
				LOCALIZATION_PREFERS_STRING_CATALOGS = YES;
				MTL_ENABLE_DEBUG_INFO = INCLUDE_SOURCE;
				MTL_FAST_MATH = YES;
				ONLY_ACTIVE_ARCH = YES;
				SDKROOT = iphoneos;
				SWIFT_ACTIVE_COMPILATION_CONDITIONS = "DEBUG $(inherited)";
				SWIFT_OPTIMIZATION_LEVEL = "-Onone";
			};
			name = Debug;
		};
		81B347C52DB70EAF009A888B /* Release */ = {
			isa = XCBuildConfiguration;
			buildSettings = {
				ALWAYS_SEARCH_USER_PATHS = NO;
				ASSETCATALOG_COMPILER_GENERATE_SWIFT_ASSET_SYMBOL_EXTENSIONS = YES;
				CLANG_ANALYZER_NONNULL = YES;
				CLANG_ANALYZER_NUMBER_OBJECT_CONVERSION = YES_AGGRESSIVE;
				CLANG_CXX_LANGUAGE_STANDARD = "gnu++20";
				CLANG_ENABLE_MODULES = YES;
				CLANG_ENABLE_OBJC_ARC = YES;
				CLANG_ENABLE_OBJC_WEAK = YES;
				CLANG_WARN_BLOCK_CAPTURE_AUTORELEASING = YES;
				CLANG_WARN_BOOL_CONVERSION = YES;
				CLANG_WARN_COMMA = YES;
				CLANG_WARN_CONSTANT_CONVERSION = YES;
				CLANG_WARN_DEPRECATED_OBJC_IMPLEMENTATIONS = YES;
				CLANG_WARN_DIRECT_OBJC_ISA_USAGE = YES_ERROR;
				CLANG_WARN_DOCUMENTATION_COMMENTS = YES;
				CLANG_WARN_EMPTY_BODY = YES;
				CLANG_WARN_ENUM_CONVERSION = YES;
				CLANG_WARN_INFINITE_RECURSION = YES;
				CLANG_WARN_INT_CONVERSION = YES;
				CLANG_WARN_NON_LITERAL_NULL_CONVERSION = YES;
				CLANG_WARN_OBJC_IMPLICIT_RETAIN_SELF = YES;
				CLANG_WARN_OBJC_LITERAL_CONVERSION = YES;
				CLANG_WARN_OBJC_ROOT_CLASS = YES_ERROR;
				CLANG_WARN_QUOTED_INCLUDE_IN_FRAMEWORK_HEADER = YES;
				CLANG_WARN_RANGE_LOOP_ANALYSIS = YES;
				CLANG_WARN_STRICT_PROTOTYPES = YES;
				CLANG_WARN_SUSPICIOUS_MOVE = YES;
				CLANG_WARN_UNGUARDED_AVAILABILITY = YES_AGGRESSIVE;
				CLANG_WARN_UNREACHABLE_CODE = YES;
				CLANG_WARN__DUPLICATE_METHOD_MATCH = YES;
				COPY_PHASE_STRIP = NO;
				DEBUG_INFORMATION_FORMAT = "dwarf-with-dsym";
				ENABLE_NS_ASSERTIONS = NO;
				ENABLE_STRICT_OBJC_MSGSEND = YES;
				ENABLE_USER_SCRIPT_SANDBOXING = NO;
				GCC_C_LANGUAGE_STANDARD = gnu17;
				GCC_NO_COMMON_BLOCKS = YES;
				GCC_WARN_64_TO_32_BIT_CONVERSION = YES;
				GCC_WARN_ABOUT_RETURN_TYPE = YES_ERROR;
				GCC_WARN_UNDECLARED_SELECTOR = YES;
				GCC_WARN_UNINITIALIZED_AUTOS = YES_AGGRESSIVE;
				GCC_WARN_UNUSED_FUNCTION = YES;
				GCC_WARN_UNUSED_VARIABLE = YES;
				IPHONEOS_DEPLOYMENT_TARGET = 18.2;
				LOCALIZATION_PREFERS_STRING_CATALOGS = YES;
				MTL_ENABLE_DEBUG_INFO = NO;
				MTL_FAST_MATH = YES;
				SDKROOT = iphoneos;
				SWIFT_COMPILATION_MODE = wholemodule;
				VALIDATE_PRODUCT = YES;
			};
			name = Release;
		};
		81B347C72DB70EAF009A888B /* Debug */ = {
			isa = XCBuildConfiguration;
			baseConfigurationReference = 14D3F0212CEA6073D77BA2F9 /* Pods-DueMate.debug.xcconfig */;
			buildSettings = {
				ASSETCATALOG_COMPILER_APPICON_NAME = AppIcon;
				ASSETCATALOG_COMPILER_GLOBAL_ACCENT_COLOR_NAME = AccentColor;
				CODE_SIGN_STYLE = Automatic;
				CURRENT_PROJECT_VERSION = 1;
				DEVELOPMENT_ASSET_PATHS = "\"DueMate/Preview Content\"";
				DEVELOPMENT_TEAM = 87NJWJY5W4;
				ENABLE_PREVIEWS = YES;
				ENABLE_USER_SCRIPT_SANDBOXING = NO;
				GENERATE_INFOPLIST_FILE = YES;
				INFOPLIST_KEY_UIApplicationSceneManifest_Generation = YES;
				INFOPLIST_KEY_UIApplicationSupportsIndirectInputEvents = YES;
				INFOPLIST_KEY_UILaunchScreen_Generation = YES;
				INFOPLIST_KEY_UISupportedInterfaceOrientations_iPad = "UIInterfaceOrientationPortrait UIInterfaceOrientationPortraitUpsideDown UIInterfaceOrientationLandscapeLeft UIInterfaceOrientationLandscapeRight";
				INFOPLIST_KEY_UISupportedInterfaceOrientations_iPhone = "UIInterfaceOrientationPortrait UIInterfaceOrientationLandscapeLeft UIInterfaceOrientationLandscapeRight";
				LD_RUNPATH_SEARCH_PATHS = (
					"$(inherited)",
					"@executable_path/Frameworks",
				);
				MARKETING_VERSION = 1.0;
				PRODUCT_BUNDLE_IDENTIFIER = HomeProtectors.DueMate;
				PRODUCT_NAME = "$(TARGET_NAME)";
				SWIFT_EMIT_LOC_STRINGS = YES;
				SWIFT_VERSION = 5.0;
				TARGETED_DEVICE_FAMILY = "1,2";
			};
			name = Debug;
		};
		81B347C82DB70EAF009A888B /* Release */ = {
			isa = XCBuildConfiguration;
			baseConfigurationReference = D35DFCFE98DFFAC9A0A845D4 /* Pods-DueMate.release.xcconfig */;
			buildSettings = {
				ASSETCATALOG_COMPILER_APPICON_NAME = AppIcon;
				ASSETCATALOG_COMPILER_GLOBAL_ACCENT_COLOR_NAME = AccentColor;
				CODE_SIGN_STYLE = Automatic;
				CURRENT_PROJECT_VERSION = 1;
				DEVELOPMENT_ASSET_PATHS = "\"DueMate/Preview Content\"";
				DEVELOPMENT_TEAM = 87NJWJY5W4;
				ENABLE_PREVIEWS = YES;
				ENABLE_USER_SCRIPT_SANDBOXING = NO;
				GENERATE_INFOPLIST_FILE = YES;
				INFOPLIST_KEY_UIApplicationSceneManifest_Generation = YES;
				INFOPLIST_KEY_UIApplicationSupportsIndirectInputEvents = YES;
				INFOPLIST_KEY_UILaunchScreen_Generation = YES;
				INFOPLIST_KEY_UISupportedInterfaceOrientations_iPad = "UIInterfaceOrientationPortrait UIInterfaceOrientationPortraitUpsideDown UIInterfaceOrientationLandscapeLeft UIInterfaceOrientationLandscapeRight";
				INFOPLIST_KEY_UISupportedInterfaceOrientations_iPhone = "UIInterfaceOrientationPortrait UIInterfaceOrientationLandscapeLeft UIInterfaceOrientationLandscapeRight";
				LD_RUNPATH_SEARCH_PATHS = (
					"$(inherited)",
					"@executable_path/Frameworks",
				);
				MARKETING_VERSION = 1.0;
				PRODUCT_BUNDLE_IDENTIFIER = HomeProtectors.DueMate;
				PRODUCT_NAME = "$(TARGET_NAME)";
				SWIFT_EMIT_LOC_STRINGS = YES;
				SWIFT_VERSION = 5.0;
				TARGETED_DEVICE_FAMILY = "1,2";
			};
			name = Release;
		};
		81B347CA2DB70EAF009A888B /* Debug */ = {
			isa = XCBuildConfiguration;
			baseConfigurationReference = 4C83FEC634B22CDD80FE1998 /* Pods-DueMateTests.debug.xcconfig */;
			buildSettings = {
				BUNDLE_LOADER = "$(TEST_HOST)";
				CODE_SIGN_STYLE = Automatic;
				CURRENT_PROJECT_VERSION = 1;
				DEVELOPMENT_TEAM = 87NJWJY5W4;
				GENERATE_INFOPLIST_FILE = YES;
				IPHONEOS_DEPLOYMENT_TARGET = 18.2;
				MARKETING_VERSION = 1.0;
				PRODUCT_BUNDLE_IDENTIFIER = HomeProtectors.DueMateTests;
				PRODUCT_NAME = "$(TARGET_NAME)";
				SWIFT_EMIT_LOC_STRINGS = NO;
				SWIFT_VERSION = 5.0;
				TARGETED_DEVICE_FAMILY = "1,2";
				TEST_HOST = "$(BUILT_PRODUCTS_DIR)/DueMate.app/$(BUNDLE_EXECUTABLE_FOLDER_PATH)/DueMate";
			};
			name = Debug;
		};
		81B347CB2DB70EAF009A888B /* Release */ = {
			isa = XCBuildConfiguration;
			baseConfigurationReference = D710D235D0ADD046040168CA /* Pods-DueMateTests.release.xcconfig */;
			buildSettings = {
				BUNDLE_LOADER = "$(TEST_HOST)";
				CODE_SIGN_STYLE = Automatic;
				CURRENT_PROJECT_VERSION = 1;
				DEVELOPMENT_TEAM = 87NJWJY5W4;
				GENERATE_INFOPLIST_FILE = YES;
				IPHONEOS_DEPLOYMENT_TARGET = 18.2;
				MARKETING_VERSION = 1.0;
				PRODUCT_BUNDLE_IDENTIFIER = HomeProtectors.DueMateTests;
				PRODUCT_NAME = "$(TARGET_NAME)";
				SWIFT_EMIT_LOC_STRINGS = NO;
				SWIFT_VERSION = 5.0;
				TARGETED_DEVICE_FAMILY = "1,2";
				TEST_HOST = "$(BUILT_PRODUCTS_DIR)/DueMate.app/$(BUNDLE_EXECUTABLE_FOLDER_PATH)/DueMate";
			};
			name = Release;
		};
		81B347CD2DB70EAF009A888B /* Debug */ = {
			isa = XCBuildConfiguration;
			baseConfigurationReference = C7745B823A926F68774C25B8 /* Pods-DueMate-DueMateUITests.debug.xcconfig */;
			buildSettings = {
				CODE_SIGN_STYLE = Automatic;
				CURRENT_PROJECT_VERSION = 1;
				DEVELOPMENT_TEAM = 87NJWJY5W4;
				GENERATE_INFOPLIST_FILE = YES;
				MARKETING_VERSION = 1.0;
				PRODUCT_BUNDLE_IDENTIFIER = HomeProtectors.DueMateUITests;
				PRODUCT_NAME = "$(TARGET_NAME)";
				SWIFT_EMIT_LOC_STRINGS = NO;
				SWIFT_VERSION = 5.0;
				TARGETED_DEVICE_FAMILY = "1,2";
				TEST_TARGET_NAME = DueMate;
			};
			name = Debug;
		};
		81B347CE2DB70EAF009A888B /* Release */ = {
			isa = XCBuildConfiguration;
			baseConfigurationReference = EB1B83F37E7B2E3C79F46139 /* Pods-DueMate-DueMateUITests.release.xcconfig */;
			buildSettings = {
				CODE_SIGN_STYLE = Automatic;
				CURRENT_PROJECT_VERSION = 1;
				DEVELOPMENT_TEAM = 87NJWJY5W4;
				GENERATE_INFOPLIST_FILE = YES;
				MARKETING_VERSION = 1.0;
				PRODUCT_BUNDLE_IDENTIFIER = HomeProtectors.DueMateUITests;
				PRODUCT_NAME = "$(TARGET_NAME)";
				SWIFT_EMIT_LOC_STRINGS = NO;
				SWIFT_VERSION = 5.0;
				TARGETED_DEVICE_FAMILY = "1,2";
				TEST_TARGET_NAME = DueMate;
			};
			name = Release;
		};
/* End XCBuildConfiguration section */

/* Begin XCConfigurationList section */
		81B3479D2DB70EAD009A888B /* Build configuration list for PBXProject "DueMate" */ = {
			isa = XCConfigurationList;
			buildConfigurations = (
				81B347C42DB70EAF009A888B /* Debug */,
				81B347C52DB70EAF009A888B /* Release */,
			);
			defaultConfigurationIsVisible = 0;
			defaultConfigurationName = Release;
		};
		81B347C62DB70EAF009A888B /* Build configuration list for PBXNativeTarget "DueMate" */ = {
			isa = XCConfigurationList;
			buildConfigurations = (
				81B347C72DB70EAF009A888B /* Debug */,
				81B347C82DB70EAF009A888B /* Release */,
			);
			defaultConfigurationIsVisible = 0;
			defaultConfigurationName = Release;
		};
		81B347C92DB70EAF009A888B /* Build configuration list for PBXNativeTarget "DueMateTests" */ = {
			isa = XCConfigurationList;
			buildConfigurations = (
				81B347CA2DB70EAF009A888B /* Debug */,
				81B347CB2DB70EAF009A888B /* Release */,
			);
			defaultConfigurationIsVisible = 0;
			defaultConfigurationName = Release;
		};
		81B347CC2DB70EAF009A888B /* Build configuration list for PBXNativeTarget "DueMateUITests" */ = {
			isa = XCConfigurationList;
			buildConfigurations = (
				81B347CD2DB70EAF009A888B /* Debug */,
				81B347CE2DB70EAF009A888B /* Release */,
			);
			defaultConfigurationIsVisible = 0;
			defaultConfigurationName = Release;
		};
/* End XCConfigurationList section */
	};
	rootObject = 81B3479A2DB70EAD009A888B /* Project object */;
}
